
Microsoft Visual Studio Solution File, Format Version 12.00
# Visual Studio Version 16
VisualStudioVersion = 16.0.30503.244
MinimumVisualStudioVersion = 10.0.40219.1
Project("{9A19103F-16F7-4668-BE54-9A1E7A4F7556}") = "AXA_Project", "AXA_Project\AXA_Project.csproj", "{30023513-B61D-4852-A17F-F69B839CA144}"
EndProject
Project("{FAE04EC0-301F-11D3-BF4B-00C04F79EFBC}") = "AXA_Project_Tests", "AXA_Project_Tests\AXA_Project_Tests.csproj", "{607E0426-0F57-4D45-87D9-682C35E3343B}"
EndProject
Global
	GlobalSection(SolutionConfigurationPlatforms) = preSolution
		Debug|Any CPU = Debug|Any CPU
		Release|Any CPU = Release|Any CPU
	EndGlobalSection
	GlobalSection(ProjectConfigurationPlatforms) = postSolution
		{30023513-B61D-4852-A17F-F69B839CA144}.Debug|Any CPU.ActiveCfg = Debug|Any CPU
		{30023513-B61D-4852-A17F-F69B839CA144}.Debug|Any CPU.Build.0 = Debug|Any CPU
		{30023513-B61D-4852-A17F-F69B839CA144}.Release|Any CPU.ActiveCfg = Release|Any CPU
		{30023513-B61D-4852-A17F-F69B839CA144}.Release|Any CPU.Build.0 = Release|Any CPU
		{607E0426-0F57-4D45-87D9-682C35E3343B}.Debug|Any CPU.ActiveCfg = Debug|Any CPU
		{607E0426-0F57-4D45-87D9-682C35E3343B}.Debug|Any CPU.Build.0 = Debug|Any CPU
		{607E0426-0F57-4D45-87D9-682C35E3343B}.Release|Any CPU.ActiveCfg = Release|Any CPU
		{607E0426-0F57-4D45-87D9-682C35E3343B}.Release|Any CPU.Build.0 = Release|Any CPU
	EndGlobalSection
	GlobalSection(SolutionProperties) = preSolution
		HideSolutionNode = FALSE
	EndGlobalSection
	GlobalSection(ExtensibilityGlobals) = postSolution
		SolutionGuid = {2C503E87-1E1D-45FB-9696-C3F46C19D825}
	EndGlobalSection
EndGlobal
